
Microsoft Visual Studio Solution File, Format Version 12.00
# Visual Studio 15
VisualStudioVersion = 15.0.26730.16
MinimumVisualStudioVersion = 10.0.40219.1
Project("{FAE04EC0-301F-11D3-BF4B-00C04F79EFBC}") = "TodoApp.Api", "src\TodoApp.Api\TodoApp.Api.csproj", "{518C0FF7-6AC0-463D-BA12-AF6DE5B556BD}"
EndProject
Project("{FAE04EC0-301F-11D3-BF4B-00C04F79EFBC}") = "TodoApp.Api.Tests", "test\TodoApp.Api.Tests\TodoApp.Api.Tests.csproj", "{419EB185-7A4A-4AD2-A938-F2A115CD327E}"
EndProject
Project("{FAE04EC0-301F-11D3-BF4B-00C04F79EFBC}") = "TodoApp.Database", "src\TodoApp.Database\TodoApp.Database.csproj", "{9E4C792E-1EE1-4D61-971B-F20606587C84}"
EndProject
Project("{2150E333-8FDC-42A3-9474-1A3956D46DE8}") = "src", "src", "{EC8B6575-0EF1-47F1-BFBC-79D3C3D207EB}"
EndProject
Project("{2150E333-8FDC-42A3-9474-1A3956D46DE8}") = "test", "test", "{A654653C-0C35-405F-8E77-BCF85A5D8BBE}"
EndProject
Project("{FAE04EC0-301F-11D3-BF4B-00C04F79EFBC}") = "TodoApp.Contracts", "src\TodoApp.Contracts\TodoApp.Contracts.csproj", "{DC15B0C8-D724-4EB9-B691-EFD24DD43A5B}"
EndProject
Project("{FAE04EC0-301F-11D3-BF4B-00C04F79EFBC}") = "TodoApp.Services", "src\TodoApp.Services\TodoApp.Services.csproj", "{72650603-B413-4756-ACB8-F9A4AD2470FD}"
EndProject
Project("{FAE04EC0-301F-11D3-BF4B-00C04F79EFBC}") = "TodoApp.Services.Tests", "test\TodoApp.Services.Tests\TodoApp.Services.Tests.csproj", "{469F5E1F-5864-41D7-A458-D02FD4F386D9}"
EndProject
Global
	GlobalSection(SolutionConfigurationPlatforms) = preSolution
		Debug|Any CPU = Debug|Any CPU
		Release|Any CPU = Release|Any CPU
	EndGlobalSection
	GlobalSection(ProjectConfigurationPlatforms) = postSolution
		{518C0FF7-6AC0-463D-BA12-AF6DE5B556BD}.Debug|Any CPU.ActiveCfg = Debug|Any CPU
		{518C0FF7-6AC0-463D-BA12-AF6DE5B556BD}.Debug|Any CPU.Build.0 = Debug|Any CPU
		{518C0FF7-6AC0-463D-BA12-AF6DE5B556BD}.Release|Any CPU.ActiveCfg = Release|Any CPU
		{518C0FF7-6AC0-463D-BA12-AF6DE5B556BD}.Release|Any CPU.Build.0 = Release|Any CPU
		{419EB185-7A4A-4AD2-A938-F2A115CD327E}.Debug|Any CPU.ActiveCfg = Debug|Any CPU
		{419EB185-7A4A-4AD2-A938-F2A115CD327E}.Debug|Any CPU.Build.0 = Debug|Any CPU
		{419EB185-7A4A-4AD2-A938-F2A115CD327E}.Release|Any CPU.ActiveCfg = Release|Any CPU
		{419EB185-7A4A-4AD2-A938-F2A115CD327E}.Release|Any CPU.Build.0 = Release|Any CPU
		{9E4C792E-1EE1-4D61-971B-F20606587C84}.Debug|Any CPU.ActiveCfg = Debug|Any CPU
		{9E4C792E-1EE1-4D61-971B-F20606587C84}.Debug|Any CPU.Build.0 = Debug|Any CPU
		{9E4C792E-1EE1-4D61-971B-F20606587C84}.Release|Any CPU.ActiveCfg = Release|Any CPU
		{9E4C792E-1EE1-4D61-971B-F20606587C84}.Release|Any CPU.Build.0 = Release|Any CPU
		{DC15B0C8-D724-4EB9-B691-EFD24DD43A5B}.Debug|Any CPU.ActiveCfg = Debug|Any CPU
		{DC15B0C8-D724-4EB9-B691-EFD24DD43A5B}.Debug|Any CPU.Build.0 = Debug|Any CPU
		{DC15B0C8-D724-4EB9-B691-EFD24DD43A5B}.Release|Any CPU.ActiveCfg = Release|Any CPU
		{DC15B0C8-D724-4EB9-B691-EFD24DD43A5B}.Release|Any CPU.Build.0 = Release|Any CPU
		{72650603-B413-4756-ACB8-F9A4AD2470FD}.Debug|Any CPU.ActiveCfg = Debug|Any CPU
		{72650603-B413-4756-ACB8-F9A4AD2470FD}.Debug|Any CPU.Build.0 = Debug|Any CPU
		{72650603-B413-4756-ACB8-F9A4AD2470FD}.Release|Any CPU.ActiveCfg = Release|Any CPU
		{72650603-B413-4756-ACB8-F9A4AD2470FD}.Release|Any CPU.Build.0 = Release|Any CPU
		{469F5E1F-5864-41D7-A458-D02FD4F386D9}.Debug|Any CPU.ActiveCfg = Debug|Any CPU
		{469F5E1F-5864-41D7-A458-D02FD4F386D9}.Debug|Any CPU.Build.0 = Debug|Any CPU
		{469F5E1F-5864-41D7-A458-D02FD4F386D9}.Release|Any CPU.ActiveCfg = Release|Any CPU
		{469F5E1F-5864-41D7-A458-D02FD4F386D9}.Release|Any CPU.Build.0 = Release|Any CPU
	EndGlobalSection
	GlobalSection(SolutionProperties) = preSolution
		HideSolutionNode = FALSE
	EndGlobalSection
	GlobalSection(NestedProjects) = preSolution
		{518C0FF7-6AC0-463D-BA12-AF6DE5B556BD} = {EC8B6575-0EF1-47F1-BFBC-79D3C3D207EB}
		{419EB185-7A4A-4AD2-A938-F2A115CD327E} = {A654653C-0C35-405F-8E77-BCF85A5D8BBE}
		{9E4C792E-1EE1-4D61-971B-F20606587C84} = {EC8B6575-0EF1-47F1-BFBC-79D3C3D207EB}
		{DC15B0C8-D724-4EB9-B691-EFD24DD43A5B} = {EC8B6575-0EF1-47F1-BFBC-79D3C3D207EB}
		{72650603-B413-4756-ACB8-F9A4AD2470FD} = {EC8B6575-0EF1-47F1-BFBC-79D3C3D207EB}
		{469F5E1F-5864-41D7-A458-D02FD4F386D9} = {A654653C-0C35-405F-8E77-BCF85A5D8BBE}
	EndGlobalSection
	GlobalSection(ExtensibilityGlobals) = postSolution
		SolutionGuid = {77AAF6FA-AC20-44DF-927C-CED891738180}
	EndGlobalSection
EndGlobal
